Microsoft Visual Studio Solution File, Format Version 12.00
# Visual Studio 2012
Project("{FAE04EC0-301F-11D3-BF4B-00C04F79EFBC}") = "Untitled Space Game", "Untitled Space Game.csproj", "{165AD169-DCA5-448F-8AB8-E20CC2500B36}"
EndProject
Global
	GlobalSection(SolutionConfigurationPlatforms) = preSolution
	Debug|Any CPU = Debug|Any CPU
	ExportDebug|Any CPU = ExportDebug|Any CPU
	ExportRelease|Any CPU = ExportRelease|Any CPU
	EndGlobalSection
	GlobalSection(ProjectConfigurationPlatforms) = postSolution
		{165AD169-DCA5-448F-8AB8-E20CC2500B36}.Debug|Any CPU.ActiveCfg = Debug|Any CPU
		{165AD169-DCA5-448F-8AB8-E20CC2500B36}.Debug|Any CPU.Build.0 = Debug|Any CPU
		{165AD169-DCA5-448F-8AB8-E20CC2500B36}.ExportDebug|Any CPU.ActiveCfg = ExportDebug|Any CPU
		{165AD169-DCA5-448F-8AB8-E20CC2500B36}.ExportDebug|Any CPU.Build.0 = ExportDebug|Any CPU
		{165AD169-DCA5-448F-8AB8-E20CC2500B36}.ExportRelease|Any CPU.ActiveCfg = ExportRelease|Any CPU
		{165AD169-DCA5-448F-8AB8-E20CC2500B36}.ExportRelease|Any CPU.Build.0 = ExportRelease|Any CPU
	EndGlobalSection
EndGlobal
